{
  "pins" : [
    {
      "identity" : "signalr-client-swift",
      "kind" : "remoteSourceControl",
      "location" : "https://github.com/moozzyk/SignalR-Client-Swift.git",
      "state" : {
        "revision" : "11e727b217b67b1440612df8aa0516d3013cccba",
        "version" : "1.1.0"
      }
    },
    {
      "identity" : "swiftcbor",
      "kind" : "remoteSourceControl",
      "location" : "https://github.com/valpackett/SwiftCBOR",
      "state" : {
        "branch" : "master",
        "revision" : "ea5ece79b0efde241495bfaa74eccceeffc382bc"
      }
    }
  ],
  "version" : 2
}
